
Microsoft Visual Studio Solution File, Format Version 12.00
# Visual Studio Version 17
VisualStudioVersion = 17.11.35219.272
MinimumVisualStudioVersion = 10.0.40219.1
Project("{FAE04EC0-301F-11D3-BF4B-00C04F79EFBC}") = "MaxiALARMA", "MaxiALARMA.csproj", "{D4C943A2-DB35-4E59-9D52-0204A5C221F7}"
EndProject
Global
	GlobalSection(SolutionConfigurationPlatforms) = preSolution
		Debug|Any CPU = Debug|Any CPU
		Release|Any CPU = Release|Any CPU
	EndGlobalSection
	GlobalSection(ProjectConfigurationPlatforms) = postSolution
		{D4C943A2-DB35-4E59-9D52-0204A5C221F7}.Debug|Any CPU.ActiveCfg = Debug|Any CPU
		{D4C943A2-DB35-4E59-9D52-0204A5C221F7}.Debug|Any CPU.Build.0 = Debug|Any CPU
		{D4C943A2-DB35-4E59-9D52-0204A5C221F7}.Release|Any CPU.ActiveCfg = Release|Any CPU
		{D4C943A2-DB35-4E59-9D52-0204A5C221F7}.Release|Any CPU.Build.0 = Release|Any CPU
	EndGlobalSection
	GlobalSection(SolutionProperties) = preSolution
		HideSolutionNode = FALSE
	EndGlobalSection
	GlobalSection(ExtensibilityGlobals) = postSolution
		SolutionGuid = {A5772E53-0BBD-446E-8484-7A950E87C754}
	EndGlobalSection
EndGlobal
